
Microsoft Visual Studio Solution File, Format Version 12.00
# Visual Studio 15
VisualStudioVersion = 15.0.28307.1401
MinimumVisualStudioVersion = 10.0.40219.1
Project("{FAE04EC0-301F-11D3-BF4B-00C04F79EFBC}") = "logincore", "logincore\logincore.csproj", "{64DE532C-87B6-4BD9-B2D8-595FAE1F6909}"
EndProject
Global
	GlobalSection(SolutionConfigurationPlatforms) = preSolution
		Debug|Any CPU = Debug|Any CPU
		Release|Any CPU = Release|Any CPU
	EndGlobalSection
	GlobalSection(ProjectConfigurationPlatforms) = postSolution
		{64DE532C-87B6-4BD9-B2D8-595FAE1F6909}.Debug|Any CPU.ActiveCfg = Debug|Any CPU
		{64DE532C-87B6-4BD9-B2D8-595FAE1F6909}.Debug|Any CPU.Build.0 = Debug|Any CPU
		{64DE532C-87B6-4BD9-B2D8-595FAE1F6909}.Release|Any CPU.ActiveCfg = Release|Any CPU
		{64DE532C-87B6-4BD9-B2D8-595FAE1F6909}.Release|Any CPU.Build.0 = Release|Any CPU
	EndGlobalSection
	GlobalSection(SolutionProperties) = preSolution
		HideSolutionNode = FALSE
	EndGlobalSection
	GlobalSection(ExtensibilityGlobals) = postSolution
		SolutionGuid = {56576893-EC9C-496C-B461-7C30D0947C22}
	EndGlobalSection
EndGlobal
